
Microsoft Visual Studio Solution File, Format Version 12.00
# Visual Studio 15
VisualStudioVersion = 15.0.28307.271
MinimumVisualStudioVersion = 10.0.40219.1
Project("{FAE04EC0-301F-11D3-BF4B-00C04F79EFBC}") = "Lemonade Stand", "Lemonade Stand\Lemonade Stand.csproj", "{19ACBCC3-D415-48A5-9156-8C6B09151935}"
EndProject
Global
	GlobalSection(SolutionConfigurationPlatforms) = preSolution
		Debug|Any CPU = Debug|Any CPU
		Release|Any CPU = Release|Any CPU
	EndGlobalSection
	GlobalSection(ProjectConfigurationPlatforms) = postSolution
		{19ACBCC3-D415-48A5-9156-8C6B09151935}.Debug|Any CPU.ActiveCfg = Debug|Any CPU
		{19ACBCC3-D415-48A5-9156-8C6B09151935}.Debug|Any CPU.Build.0 = Debug|Any CPU
		{19ACBCC3-D415-48A5-9156-8C6B09151935}.Release|Any CPU.ActiveCfg = Release|Any CPU
		{19ACBCC3-D415-48A5-9156-8C6B09151935}.Release|Any CPU.Build.0 = Release|Any CPU
	EndGlobalSection
	GlobalSection(SolutionProperties) = preSolution
		HideSolutionNode = FALSE
	EndGlobalSection
	GlobalSection(ExtensibilityGlobals) = postSolution
		SolutionGuid = {432345C9-1113-407B-8528-D2D58B0D0717}
	EndGlobalSection
EndGlobal
